{
  "name": "qwen-meetup-tokyo-presentation",
  "lockfileVersion": 3,
  "requires": true,
  "packages": {
    "": {
      "name": "qwen-meetup-tokyo-presentation",
      "devDependencies": {
        "prettier": "3.9.6",
        "prettier-plugin-markdown-html": "1.6.0"
      }
    },
    "node_modules/prettier": {
      "version": "3.9.6",
      "resolved": "https://registry.npmjs.org/prettier/-/prettier-3.9.6.tgz",
      "integrity": "sha512-OpN0zzVdiaiAhxpuuj5efpIS4sY9j7bY6uR5mnj5yPzGkdkjNKSJeUThPb60Jw29QuAZgA4o+/iB49kFiaBX6g==",
      "dev": true,
      "license": "MIT",
      "bin": {
        "prettier": "bin/prettier.cjs"
      },
      "engines": {
        "node": ">=14"
      },
      "funding": {
        "url": "https://github.com/prettier/prettier?sponsor=1"
      }
    },
    "node_modules/prettier-plugin-markdown-html": {
      "version": "1.6.0",
      "resolved": "https://registry.npmjs.org/prettier-plugin-markdown-html/-/prettier-plugin-markdown-html-1.6.0.tgz",
      "integrity": "sha512-nhRtLrBwZ6fvMtR6Ypcg908WvkIOZAW4GKu6cf8LI8LOCG02wNjZZx86W32tRdRLdSypwB8NFToQzgHZIN9tTw==",
      "dev": true,
      "license": "MIT",
      "engines": {
        "node": ">=20"
      },
      "peerDependencies": {
        "prettier": ">=3"
      }
    }
  }
}
